
Microsoft Visual Studio Solution File, Format Version 12.00
# Visual Studio Version 16
VisualStudioVersion = 16.0.29209.62
MinimumVisualStudioVersion = 10.0.40219.1
Project("{FAE04EC0-301F-11D3-BF4B-00C04F79EFBC}") = "BookStoreApp", "BookStoreApp\BookStoreApp.csproj", "{06253951-723F-47FC-8327-E3BA2EFAE3BD}"
EndProject
Global
	GlobalSection(SolutionConfigurationPlatforms) = preSolution
		Debug|Any CPU = Debug|Any CPU
		Release|Any CPU = Release|Any CPU
	EndGlobalSection
	GlobalSection(ProjectConfigurationPlatforms) = postSolution
		{06253951-723F-47FC-8327-E3BA2EFAE3BD}.Debug|Any CPU.ActiveCfg = Debug|Any CPU
		{06253951-723F-47FC-8327-E3BA2EFAE3BD}.Debug|Any CPU.Build.0 = Debug|Any CPU
		{06253951-723F-47FC-8327-E3BA2EFAE3BD}.Release|Any CPU.ActiveCfg = Release|Any CPU
		{06253951-723F-47FC-8327-E3BA2EFAE3BD}.Release|Any CPU.Build.0 = Release|Any CPU
	EndGlobalSection
	GlobalSection(SolutionProperties) = preSolution
		HideSolutionNode = FALSE
	EndGlobalSection
	GlobalSection(ExtensibilityGlobals) = postSolution
		SolutionGuid = {2A752459-A67E-4FE0-A522-70350FF70041}
	EndGlobalSection
EndGlobal
